{
  "name": "my-many-books",
  "version": "1.0.0",
  "lockfileVersion": 3,
  "requires": true,
  "packages": {
    "": {
      "name": "my-many-books",
      "version": "1.0.0",
      "hasInstallScript": true,
      "license": "ISC",
      "devDependencies": {
        "@babel/preset-env": "^7.28.3",
        "@babel/preset-react": "^7.27.1",
        "@babel/preset-typescript": "^7.27.1",
        "@nx/eslint": "^21.3.11",
        "@nx/jest": "^21.3.11",
        "@nx/js": "^21.3.11",
        "@nx/react": "^21.3.11",
        "@nx/webpack": "^21.3.11",
        "@nx/workspace": "^17.0.0",
        "babel-jest": "^29.7.0",
        "cypress": "^14.5.4",
        "nx": "^17.0.0",
        "typescript": "^5.0.0"
      },
      "workspaces": [
        "apps/*",
        "libs/*"
      ]
    }
  }
}